// !$*UTF8*$!
{
	archiveVersion = 1;
	classes = {
	};
	objectVersion = 56;
	objects = {

/* Begin PBXBuildFile section */
		0A6FC1A92AFD14B4004C12E1 /* dev_aofiee_TestFCMApp.swift in Sources */ = {isa = PBXBuildFile; fileRef = 0A6FC1A82AFD14B4004C12E1 /* dev_aofiee_TestFCMApp.swift */; };
		0A6FC1AB2AFD14B4004C12E1 /* ContentView.swift in Sources */ = {isa = PBXBuildFile; fileRef = 0A6FC1AA2AFD14B4004C12E1 /* ContentView.swift */; };
		0A6FC1AD2AFD14B5004C12E1 /* Assets.xcassets in Resources */ = {isa = PBXBuildFile; fileRef = 0A6FC1AC2AFD14B5004C12E1 /* Assets.xcassets */; };
		0A6FC1B02AFD14B5004C12E1 /* Preview Assets.xcassets in Resources */ = {isa = PBXBuildFile; fileRef = 0A6FC1AF2AFD14B5004C12E1 /* Preview Assets.xcassets */; };
		0A6FC1BA2AFD15B0004C12E1 /* FirebaseAnalytics in Frameworks */ = {isa = PBXBuildFile; productRef = 0A6FC1B92AFD15B0004C12E1 /* FirebaseAnalytics */; };
		0A6FC1BC2AFD15B0004C12E1 /* FirebaseAnalyticsOnDeviceConversion in Frameworks */ = {isa = PBXBuildFile; productRef = 0A6FC1BB2AFD15B0004C12E1 /* FirebaseAnalyticsOnDeviceConversion */; };
		0A6FC1BE2AFD15B0004C12E1 /* FirebaseAnalyticsSwift in Frameworks */ = {isa = PBXBuildFile; productRef = 0A6FC1BD2AFD15B0004C12E1 /* FirebaseAnalyticsSwift */; };
		0A6FC1C02AFD15B0004C12E1 /* FirebaseAnalyticsWithoutAdIdSupport in Frameworks */ = {isa = PBXBuildFile; productRef = 0A6FC1BF2AFD15B0004C12E1 /* FirebaseAnalyticsWithoutAdIdSupport */; };
		0A6FC1C22AFD15B0004C12E1 /* FirebaseAppCheck in Frameworks */ = {isa = PBXBuildFile; productRef = 0A6FC1C12AFD15B0004C12E1 /* FirebaseAppCheck */; };
		0A99384D2AFDCF2F00952EFA /* GoogleService-Info.plist in Resources */ = {isa = PBXBuildFile; fileRef = 0A99384C2AFDCF2F00952EFA /* GoogleService-Info.plist */; };
		0A99384F2AFDD17200952EFA /* FirebaseAnalytics in Frameworks */ = {isa = PBXBuildFile; productRef = 0A99384E2AFDD17200952EFA /* FirebaseAnalytics */; };
		0A9938512AFDD17200952EFA /* FirebaseAnalyticsOnDeviceConversion in Frameworks */ = {isa = PBXBuildFile; productRef = 0A9938502AFDD17200952EFA /* FirebaseAnalyticsOnDeviceConversion */; };
		0A9938532AFDD17200952EFA /* FirebaseAnalyticsSwift in Frameworks */ = {isa = PBXBuildFile; productRef = 0A9938522AFDD17200952EFA /* FirebaseAnalyticsSwift */; };
		0A9938552AFDD17200952EFA /* FirebaseAnalyticsWithoutAdIdSupport in Frameworks */ = {isa = PBXBuildFile; productRef = 0A9938542AFDD17200952EFA /* FirebaseAnalyticsWithoutAdIdSupport */; };
		0A9938572AFDD17200952EFA /* FirebaseAppCheck in Frameworks */ = {isa = PBXBuildFile; productRef = 0A9938562AFDD17200952EFA /* FirebaseAppCheck */; };
		0A9938592AFDD17200952EFA /* FirebaseAppDistribution-Beta in Frameworks */ = {isa = PBXBuildFile; productRef = 0A9938582AFDD17200952EFA /* FirebaseAppDistribution-Beta */; };
		0A99385B2AFDD17200952EFA /* FirebaseAuth in Frameworks */ = {isa = PBXBuildFile; productRef = 0A99385A2AFDD17200952EFA /* FirebaseAuth */; };
		0A99385D2AFDD17200952EFA /* FirebaseAuthCombine-Community in Frameworks */ = {isa = PBXBuildFile; productRef = 0A99385C2AFDD17200952EFA /* FirebaseAuthCombine-Community */; };
		0A99385F2AFDD17200952EFA /* FirebaseCrashlytics in Frameworks */ = {isa = PBXBuildFile; productRef = 0A99385E2AFDD17200952EFA /* FirebaseCrashlytics */; };
		0A9938612AFDD17200952EFA /* FirebaseDatabase in Frameworks */ = {isa = PBXBuildFile; productRef = 0A9938602AFDD17200952EFA /* FirebaseDatabase */; };
		0A9938632AFDD17200952EFA /* FirebaseDatabaseSwift in Frameworks */ = {isa = PBXBuildFile; productRef = 0A9938622AFDD17200952EFA /* FirebaseDatabaseSwift */; };
		0A9938652AFDD17200952EFA /* FirebaseDynamicLinks in Frameworks */ = {isa = PBXBuildFile; productRef = 0A9938642AFDD17200952EFA /* FirebaseDynamicLinks */; };
		0A9938672AFDD17200952EFA /* FirebaseFirestore in Frameworks */ = {isa = PBXBuildFile; productRef = 0A9938662AFDD17200952EFA /* FirebaseFirestore */; };
		0A9938692AFDD17200952EFA /* FirebaseFirestoreCombine-Community in Frameworks */ = {isa = PBXBuildFile; productRef = 0A9938682AFDD17200952EFA /* FirebaseFirestoreCombine-Community */; };
		0A99386B2AFDD17200952EFA /* FirebaseFirestoreSwift in Frameworks */ = {isa = PBXBuildFile; productRef = 0A99386A2AFDD17200952EFA /* FirebaseFirestoreSwift */; };
		0A99386D2AFDD17200952EFA /* FirebaseFunctions in Frameworks */ = {isa = PBXBuildFile; productRef = 0A99386C2AFDD17200952EFA /* FirebaseFunctions */; };
		0A99386F2AFDD17200952EFA /* FirebaseFunctionsCombine-Community in Frameworks */ = {isa = PBXBuildFile; productRef = 0A99386E2AFDD17200952EFA /* FirebaseFunctionsCombine-Community */; };
		0A9938712AFDD17200952EFA /* FirebaseInAppMessaging-Beta in Frameworks */ = {isa = PBXBuildFile; productRef = 0A9938702AFDD17200952EFA /* FirebaseInAppMessaging-Beta */; };
		0A9938732AFDD17200952EFA /* FirebaseInAppMessagingSwift-Beta in Frameworks */ = {isa = PBXBuildFile; productRef = 0A9938722AFDD17200952EFA /* FirebaseInAppMessagingSwift-Beta */; };
		0A9938752AFDD17200952EFA /* FirebaseInstallations in Frameworks */ = {isa = PBXBuildFile; productRef = 0A9938742AFDD17200952EFA /* FirebaseInstallations */; };
		0A9938772AFDD17200952EFA /* FirebaseMLModelDownloader in Frameworks */ = {isa = PBXBuildFile; productRef = 0A9938762AFDD17200952EFA /* FirebaseMLModelDownloader */; };
		0A9938792AFDD17200952EFA /* FirebaseMessaging in Frameworks */ = {isa = PBXBuildFile; productRef = 0A9938782AFDD17200952EFA /* FirebaseMessaging */; };
		0A99387B2AFDD17200952EFA /* FirebasePerformance in Frameworks */ = {isa = PBXBuildFile; productRef = 0A99387A2AFDD17200952EFA /* FirebasePerformance */; };
		0A99387D2AFDD17200952EFA /* FirebaseRemoteConfig in Frameworks */ = {isa = PBXBuildFile; productRef = 0A99387C2AFDD17200952EFA /* FirebaseRemoteConfig */; };
		0A99387F2AFDD17200952EFA /* FirebaseRemoteConfigSwift in Frameworks */ = {isa = PBXBuildFile; productRef = 0A99387E2AFDD17200952EFA /* FirebaseRemoteConfigSwift */; };
		0A9938812AFDD17200952EFA /* FirebaseStorage in Frameworks */ = {isa = PBXBuildFile; productRef = 0A9938802AFDD17200952EFA /* FirebaseStorage */; };
		0A9938832AFDD17200952EFA /* FirebaseStorageCombine-Community in Frameworks */ = {isa = PBXBuildFile; productRef = 0A9938822AFDD17200952EFA /* FirebaseStorageCombine-Community */; };
/* End PBXBuildFile section */

/* Begin PBXFileReference section */
		0A6FC1A52AFD14B4004C12E1 /* dev.aofiee.TestFCM.app */ = {isa = PBXFileReference; explicitFileType = wrapper.application; includeInIndex = 0; path = dev.aofiee.TestFCM.app; sourceTree = BUILT_PRODUCTS_DIR; };
		0A6FC1A82AFD14B4004C12E1 /* dev_aofiee_TestFCMApp.swift */ = {isa = PBXFileReference; lastKnownFileType = sourcecode.swift; path = dev_aofiee_TestFCMApp.swift; sourceTree = "<group>"; };
		0A6FC1AA2AFD14B4004C12E1 /* ContentView.swift */ = {isa = PBXFileReference; lastKnownFileType = sourcecode.swift; path = ContentView.swift; sourceTree = "<group>"; };
		0A6FC1AC2AFD14B5004C12E1 /* Assets.xcassets */ = {isa = PBXFileReference; lastKnownFileType = folder.assetcatalog; path = Assets.xcassets; sourceTree = "<group>"; };
		0A6FC1AF2AFD14B5004C12E1 /* Preview Assets.xcassets */ = {isa = PBXFileReference; lastKnownFileType = folder.assetcatalog; path = "Preview Assets.xcassets"; sourceTree = "<group>"; };
		0A99384C2AFDCF2F00952EFA /* GoogleService-Info.plist */ = {isa = PBXFileReference; fileEncoding = 4; lastKnownFileType = text.plist.xml; path = "GoogleService-Info.plist"; sourceTree = "<group>"; };
		0A9938842AFDD3A200952EFA /* dev-aofiee-TestFCM-Info.plist */ = {isa = PBXFileReference; lastKnownFileType = text.plist; path = "dev-aofiee-TestFCM-Info.plist"; sourceTree = SOURCE_ROOT; };
		0A9938852AFDD3B500952EFA /* dev.aofiee.TestFCM.entitlements */ = {isa = PBXFileReference; lastKnownFileType = text.plist.entitlements; path = dev.aofiee.TestFCM.entitlements; sourceTree = "<group>"; };
/* End PBXFileReference section */

/* Begin PBXFrameworksBuildPhase section */
		0A6FC1A22AFD14B4004C12E1 /* Frameworks */ = {
			isa = PBXFrameworksBuildPhase;
			buildActionMask = 2147483647;
			files = (
				0A9938792AFDD17200952EFA /* FirebaseMessaging in Frameworks */,
				0A9938692AFDD17200952EFA /* FirebaseFirestoreCombine-Community in Frameworks */,
				0A9938612AFDD17200952EFA /* FirebaseDatabase in Frameworks */,
				0A6FC1BE2AFD15B0004C12E1 /* FirebaseAnalyticsSwift in Frameworks */,
				0A9938812AFDD17200952EFA /* FirebaseStorage in Frameworks */,
				0A6FC1BA2AFD15B0004C12E1 /* FirebaseAnalytics in Frameworks */,
				0A99384F2AFDD17200952EFA /* FirebaseAnalytics in Frameworks */,
				0A99385F2AFDD17200952EFA /* FirebaseCrashlytics in Frameworks */,
				0A9938672AFDD17200952EFA /* FirebaseFirestore in Frameworks */,
				0A9938652AFDD17200952EFA /* FirebaseDynamicLinks in Frameworks */,
				0A9938832AFDD17200952EFA /* FirebaseStorageCombine-Community in Frameworks */,
				0A9938512AFDD17200952EFA /* FirebaseAnalyticsOnDeviceConversion in Frameworks */,
				0A99386F2AFDD17200952EFA /* FirebaseFunctionsCombine-Community in Frameworks */,
				0A9938732AFDD17200952EFA /* FirebaseInAppMessagingSwift-Beta in Frameworks */,
				0A9938772AFDD17200952EFA /* FirebaseMLModelDownloader in Frameworks */,
				0A9938712AFDD17200952EFA /* FirebaseInAppMessaging-Beta in Frameworks */,
				0A99387B2AFDD17200952EFA /* FirebasePerformance in Frameworks */,
				0A99385D2AFDD17200952EFA /* FirebaseAuthCombine-Community in Frameworks */,
				0A9938532AFDD17200952EFA /* FirebaseAnalyticsSwift in Frameworks */,
				0A9938632AFDD17200952EFA /* FirebaseDatabaseSwift in Frameworks */,
				0A6FC1BC2AFD15B0004C12E1 /* FirebaseAnalyticsOnDeviceConversion in Frameworks */,
				0A99387D2AFDD17200952EFA /* FirebaseRemoteConfig in Frameworks */,
				0A6FC1C22AFD15B0004C12E1 /* FirebaseAppCheck in Frameworks */,
				0A99385B2AFDD17200952EFA /* FirebaseAuth in Frameworks */,
				0A99386D2AFDD17200952EFA /* FirebaseFunctions in Frameworks */,
				0A9938752AFDD17200952EFA /* FirebaseInstallations in Frameworks */,
				0A99386B2AFDD17200952EFA /* FirebaseFirestoreSwift in Frameworks */,
				0A9938552AFDD17200952EFA /* FirebaseAnalyticsWithoutAdIdSupport in Frameworks */,
				0A9938572AFDD17200952EFA /* FirebaseAppCheck in Frameworks */,
				0A99387F2AFDD17200952EFA /* FirebaseRemoteConfigSwift in Frameworks */,
				0A9938592AFDD17200952EFA /* FirebaseAppDistribution-Beta in Frameworks */,
				0A6FC1C02AFD15B0004C12E1 /* FirebaseAnalyticsWithoutAdIdSupport in Frameworks */,
			);
			runOnlyForDeploymentPostprocessing = 0;
		};
/* End PBXFrameworksBuildPhase section */

/* Begin PBXGroup section */
		0A6FC19C2AFD14B4004C12E1 = {
			isa = PBXGroup;
			children = (
				0A6FC1A72AFD14B4004C12E1 /* dev.aofiee.TestFCM */,
				0A6FC1A62AFD14B4004C12E1 /* Products */,
			);
			sourceTree = "<group>";
		};
		0A6FC1A62AFD14B4004C12E1 /* Products */ = {
			isa = PBXGroup;
			children = (
				0A6FC1A52AFD14B4004C12E1 /* dev.aofiee.TestFCM.app */,
			);
			name = Products;
			sourceTree = "<group>";
		};
		0A6FC1A72AFD14B4004C12E1 /* dev.aofiee.TestFCM */ = {
			isa = PBXGroup;
			children = (
				0A9938852AFDD3B500952EFA /* dev.aofiee.TestFCM.entitlements */,
				0A9938842AFDD3A200952EFA /* dev-aofiee-TestFCM-Info.plist */,
				0A99384C2AFDCF2F00952EFA /* GoogleService-Info.plist */,
				0A6FC1A82AFD14B4004C12E1 /* dev_aofiee_TestFCMApp.swift */,
				0A6FC1AA2AFD14B4004C12E1 /* ContentView.swift */,
				0A6FC1AC2AFD14B5004C12E1 /* Assets.xcassets */,
				0A6FC1AE2AFD14B5004C12E1 /* Preview Content */,
			);
			path = dev.aofiee.TestFCM;
			sourceTree = "<group>";
		};
		0A6FC1AE2AFD14B5004C12E1 /* Preview Content */ = {
			isa = PBXGroup;
			children = (
				0A6FC1AF2AFD14B5004C12E1 /* Preview Assets.xcassets */,
			);
			path = "Preview Content";
			sourceTree = "<group>";
		};
/* End PBXGroup section */

/* Begin PBXNativeTarget section */
		0A6FC1A42AFD14B4004C12E1 /* dev.aofiee.TestFCM */ = {
			isa = PBXNativeTarget;
			buildConfigurationList = 0A6FC1B32AFD14B5004C12E1 /* Build configuration list for PBXNativeTarget "dev.aofiee.TestFCM" */;
			buildPhases = (
				0A6FC1A12AFD14B4004C12E1 /* Sources */,
				0A6FC1A22AFD14B4004C12E1 /* Frameworks */,
				0A6FC1A32AFD14B4004C12E1 /* Resources */,
			);
			buildRules = (
			);
			dependencies = (
			);
			name = dev.aofiee.TestFCM;
			packageProductDependencies = (
				0A6FC1B92AFD15B0004C12E1 /* FirebaseAnalytics */,
				0A6FC1BB2AFD15B0004C12E1 /* FirebaseAnalyticsOnDeviceConversion */,
				0A6FC1BD2AFD15B0004C12E1 /* FirebaseAnalyticsSwift */,
				0A6FC1BF2AFD15B0004C12E1 /* FirebaseAnalyticsWithoutAdIdSupport */,
				0A6FC1C12AFD15B0004C12E1 /* FirebaseAppCheck */,
				0A99384E2AFDD17200952EFA /* FirebaseAnalytics */,
				0A9938502AFDD17200952EFA /* FirebaseAnalyticsOnDeviceConversion */,
				0A9938522AFDD17200952EFA /* FirebaseAnalyticsSwift */,
				0A9938542AFDD17200952EFA /* FirebaseAnalyticsWithoutAdIdSupport */,
				0A9938562AFDD17200952EFA /* FirebaseAppCheck */,
				0A9938582AFDD17200952EFA /* FirebaseAppDistribution-Beta */,
				0A99385A2AFDD17200952EFA /* FirebaseAuth */,
				0A99385C2AFDD17200952EFA /* FirebaseAuthCombine-Community */,
				0A99385E2AFDD17200952EFA /* FirebaseCrashlytics */,
				0A9938602AFDD17200952EFA /* FirebaseDatabase */,
				0A9938622AFDD17200952EFA /* FirebaseDatabaseSwift */,
				0A9938642AFDD17200952EFA /* FirebaseDynamicLinks */,
				0A9938662AFDD17200952EFA /* FirebaseFirestore */,
				0A9938682AFDD17200952EFA /* FirebaseFirestoreCombine-Community */,
				0A99386A2AFDD17200952EFA /* FirebaseFirestoreSwift */,
				0A99386C2AFDD17200952EFA /* FirebaseFunctions */,
				0A99386E2AFDD17200952EFA /* FirebaseFunctionsCombine-Community */,
				0A9938702AFDD17200952EFA /* FirebaseInAppMessaging-Beta */,
				0A9938722AFDD17200952EFA /* FirebaseInAppMessagingSwift-Beta */,
				0A9938742AFDD17200952EFA /* FirebaseInstallations */,
				0A9938762AFDD17200952EFA /* FirebaseMLModelDownloader */,
				0A9938782AFDD17200952EFA /* FirebaseMessaging */,
				0A99387A2AFDD17200952EFA /* FirebasePerformance */,
				0A99387C2AFDD17200952EFA /* FirebaseRemoteConfig */,
				0A99387E2AFDD17200952EFA /* FirebaseRemoteConfigSwift */,
				0A9938802AFDD17200952EFA /* FirebaseStorage */,
				0A9938822AFDD17200952EFA /* FirebaseStorageCombine-Community */,
			);
			productName = dev.aofiee.TestFCM;
			productReference = 0A6FC1A52AFD14B4004C12E1 /* dev.aofiee.TestFCM.app */;
			productType = "com.apple.product-type.application";
		};
/* End PBXNativeTarget section */

/* Begin PBXProject section */
		0A6FC19D2AFD14B4004C12E1 /* Project object */ = {
			isa = PBXProject;
			attributes = {
				BuildIndependentTargetsInParallel = 1;
				LastSwiftUpdateCheck = 1500;
				LastUpgradeCheck = 1500;
				TargetAttributes = {
					0A6FC1A42AFD14B4004C12E1 = {
						CreatedOnToolsVersion = 15.0.1;
					};
				};
			};
			buildConfigurationList = 0A6FC1A02AFD14B4004C12E1 /* Build configuration list for PBXProject "dev.aofiee.TestFCM" */;
			compatibilityVersion = "Xcode 14.0";
			developmentRegion = en;
			hasScannedForEncodings = 0;
			knownRegions = (
				en,
				Base,
			);
			mainGroup = 0A6FC19C2AFD14B4004C12E1;
			packageReferences = (
				0A6FC1B82AFD15B0004C12E1 /* XCRemoteSwiftPackageReference "firebase-ios-sdk" */,
			);
			productRefGroup = 0A6FC1A62AFD14B4004C12E1 /* Products */;
			projectDirPath = "";
			projectRoot = "";
			targets = (
				0A6FC1A42AFD14B4004C12E1 /* dev.aofiee.TestFCM */,
			);
		};
/* End PBXProject section */

/* Begin PBXResourcesBuildPhase section */
		0A6FC1A32AFD14B4004C12E1 /* Resources */ = {
			isa = PBXResourcesBuildPhase;
			buildActionMask = 2147483647;
			files = (
				0A6FC1B02AFD14B5004C12E1 /* Preview Assets.xcassets in Resources */,
				0A6FC1AD2AFD14B5004C12E1 /* Assets.xcassets in Resources */,
				0A99384D2AFDCF2F00952EFA /* GoogleService-Info.plist in Resources */,
			);
			runOnlyForDeploymentPostprocessing = 0;
		};
/* End PBXResourcesBuildPhase section */

/* Begin PBXSourcesBuildPhase section */
		0A6FC1A12AFD14B4004C12E1 /* Sources */ = {
			isa = PBXSourcesBuildPhase;
			buildActionMask = 2147483647;
			files = (
				0A6FC1AB2AFD14B4004C12E1 /* ContentView.swift in Sources */,
				0A6FC1A92AFD14B4004C12E1 /* dev_aofiee_TestFCMApp.swift in Sources */,
			);
			runOnlyForDeploymentPostprocessing = 0;
		};
/* End PBXSourcesBuildPhase section */

/* Begin XCBuildConfiguration section */
		0A6FC1B12AFD14B5004C12E1 /* Debug */ = {
			isa = XCBuildConfiguration;
			buildSettings = {
				ALWAYS_SEARCH_USER_PATHS = NO;
				ASSETCATALOG_COMPILER_GENERATE_SWIFT_ASSET_SYMBOL_EXTENSIONS = YES;
				CLANG_ANALYZER_NONNULL = YES;
				CLANG_ANALYZER_NUMBER_OBJECT_CONVERSION = YES_AGGRESSIVE;
				CLANG_CXX_LANGUAGE_STANDARD = "gnu++20";
				CLANG_ENABLE_MODULES = YES;
				CLANG_ENABLE_OBJC_ARC = YES;
				CLANG_ENABLE_OBJC_WEAK = YES;
				CLANG_WARN_BLOCK_CAPTURE_AUTORELEASING = YES;
				CLANG_WARN_BOOL_CONVERSION = YES;
				CLANG_WARN_COMMA = YES;
				CLANG_WARN_CONSTANT_CONVERSION = YES;
				CLANG_WARN_DEPRECATED_OBJC_IMPLEMENTATIONS = YES;
				CLANG_WARN_DIRECT_OBJC_ISA_USAGE = YES_ERROR;
				CLANG_WARN_DOCUMENTATION_COMMENTS = YES;
				CLANG_WARN_EMPTY_BODY = YES;
				CLANG_WARN_ENUM_CONVERSION = YES;
				CLANG_WARN_INFINITE_RECURSION = YES;
				CLANG_WARN_INT_CONVERSION = YES;
				CLANG_WARN_NON_LITERAL_NULL_CONVERSION = YES;
				CLANG_WARN_OBJC_IMPLICIT_RETAIN_SELF = YES;
				CLANG_WARN_OBJC_LITERAL_CONVERSION = YES;
				CLANG_WARN_OBJC_ROOT_CLASS = YES_ERROR;
				CLANG_WARN_QUOTED_INCLUDE_IN_FRAMEWORK_HEADER = YES;
				CLANG_WARN_RANGE_LOOP_ANALYSIS = YES;
				CLANG_WARN_STRICT_PROTOTYPES = YES;
				CLANG_WARN_SUSPICIOUS_MOVE = YES;
				CLANG_WARN_UNGUARDED_AVAILABILITY = YES_AGGRESSIVE;
				CLANG_WARN_UNREACHABLE_CODE = YES;
				CLANG_WARN__DUPLICATE_METHOD_MATCH = YES;
				COPY_PHASE_STRIP = NO;
				DEBUG_INFORMATION_FORMAT = dwarf;
				ENABLE_STRICT_OBJC_MSGSEND = YES;
				ENABLE_TESTABILITY = YES;
				ENABLE_USER_SCRIPT_SANDBOXING = YES;
				GCC_C_LANGUAGE_STANDARD = gnu17;
				GCC_DYNAMIC_NO_PIC = NO;
				GCC_NO_COMMON_BLOCKS = YES;
				GCC_OPTIMIZATION_LEVEL = 0;
				GCC_PREPROCESSOR_DEFINITIONS = (
					"DEBUG=1",
					"$(inherited)",
				);
				GCC_WARN_64_TO_32_BIT_CONVERSION = YES;
				GCC_WARN_ABOUT_RETURN_TYPE = YES_ERROR;
				GCC_WARN_UNDECLARED_SELECTOR = YES;
				GCC_WARN_UNINITIALIZED_AUTOS = YES_AGGRESSIVE;
				GCC_WARN_UNUSED_FUNCTION = YES;
				GCC_WARN_UNUSED_VARIABLE = YES;
				IPHONEOS_DEPLOYMENT_TARGET = 17.0;
				LOCALIZATION_PREFERS_STRING_CATALOGS = YES;
				MTL_ENABLE_DEBUG_INFO = INCLUDE_SOURCE;
				MTL_FAST_MATH = YES;
				ONLY_ACTIVE_ARCH = YES;
				SDKROOT = iphoneos;
				SWIFT_ACTIVE_COMPILATION_CONDITIONS = "DEBUG $(inherited)";
				SWIFT_OPTIMIZATION_LEVEL = "-Onone";
			};
			name = Debug;
		};
		0A6FC1B22AFD14B5004C12E1 /* Release */ = {
			isa = XCBuildConfiguration;
			buildSettings = {
				ALWAYS_SEARCH_USER_PATHS = NO;
				ASSETCATALOG_COMPILER_GENERATE_SWIFT_ASSET_SYMBOL_EXTENSIONS = YES;
				CLANG_ANALYZER_NONNULL = YES;
				CLANG_ANALYZER_NUMBER_OBJECT_CONVERSION = YES_AGGRESSIVE;
				CLANG_CXX_LANGUAGE_STANDARD = "gnu++20";
				CLANG_ENABLE_MODULES = YES;
				CLANG_ENABLE_OBJC_ARC = YES;
				CLANG_ENABLE_OBJC_WEAK = YES;
				CLANG_WARN_BLOCK_CAPTURE_AUTORELEASING = YES;
				CLANG_WARN_BOOL_CONVERSION = YES;
				CLANG_WARN_COMMA = YES;
				CLANG_WARN_CONSTANT_CONVERSION = YES;
				CLANG_WARN_DEPRECATED_OBJC_IMPLEMENTATIONS = YES;
				CLANG_WARN_DIRECT_OBJC_ISA_USAGE = YES_ERROR;
				CLANG_WARN_DOCUMENTATION_COMMENTS = YES;
				CLANG_WARN_EMPTY_BODY = YES;
				CLANG_WARN_ENUM_CONVERSION = YES;
				CLANG_WARN_INFINITE_RECURSION = YES;
				CLANG_WARN_INT_CONVERSION = YES;
				CLANG_WARN_NON_LITERAL_NULL_CONVERSION = YES;
				CLANG_WARN_OBJC_IMPLICIT_RETAIN_SELF = YES;
				CLANG_WARN_OBJC_LITERAL_CONVERSION = YES;
				CLANG_WARN_OBJC_ROOT_CLASS = YES_ERROR;
				CLANG_WARN_QUOTED_INCLUDE_IN_FRAMEWORK_HEADER = YES;
				CLANG_WARN_RANGE_LOOP_ANALYSIS = YES;
				CLANG_WARN_STRICT_PROTOTYPES = YES;
				CLANG_WARN_SUSPICIOUS_MOVE = YES;
				CLANG_WARN_UNGUARDED_AVAILABILITY = YES_AGGRESSIVE;
				CLANG_WARN_UNREACHABLE_CODE = YES;
				CLANG_WARN__DUPLICATE_METHOD_MATCH = YES;
				COPY_PHASE_STRIP = NO;
				DEBUG_INFORMATION_FORMAT = "dwarf-with-dsym";
				ENABLE_NS_ASSERTIONS = NO;
				ENABLE_STRICT_OBJC_MSGSEND = YES;
				ENABLE_USER_SCRIPT_SANDBOXING = YES;
				GCC_C_LANGUAGE_STANDARD = gnu17;
				GCC_NO_COMMON_BLOCKS = YES;
				GCC_WARN_64_TO_32_BIT_CONVERSION = YES;
				GCC_WARN_ABOUT_RETURN_TYPE = YES_ERROR;
				GCC_WARN_UNDECLARED_SELECTOR = YES;
				GCC_WARN_UNINITIALIZED_AUTOS = YES_AGGRESSIVE;
				GCC_WARN_UNUSED_FUNCTION = YES;
				GCC_WARN_UNUSED_VARIABLE = YES;
				IPHONEOS_DEPLOYMENT_TARGET = 17.0;
				LOCALIZATION_PREFERS_STRING_CATALOGS = YES;
				MTL_ENABLE_DEBUG_INFO = NO;
				MTL_FAST_MATH = YES;
				SDKROOT = iphoneos;
				SWIFT_COMPILATION_MODE = wholemodule;
				VALIDATE_PRODUCT = YES;
			};
			name = Release;
		};
		0A6FC1B42AFD14B5004C12E1 /* Debug */ = {
			isa = XCBuildConfiguration;
			buildSettings = {
				ASSETCATALOG_COMPILER_APPICON_NAME = AppIcon;
				ASSETCATALOG_COMPILER_GLOBAL_ACCENT_COLOR_NAME = AccentColor;
				CODE_SIGN_ENTITLEMENTS = dev.aofiee.TestFCM/dev.aofiee.TestFCM.entitlements;
				CODE_SIGN_IDENTITY = "Apple Development";
				CODE_SIGN_STYLE = Automatic;
				CURRENT_PROJECT_VERSION = 1;
				DEVELOPMENT_ASSET_PATHS = "\"dev.aofiee.TestFCM/Preview Content\"";
				DEVELOPMENT_TEAM = U8E99U94GY;
				ENABLE_PREVIEWS = YES;
				GENERATE_INFOPLIST_FILE = YES;
				INFOPLIST_FILE = "dev-aofiee-TestFCM-Info.plist";
				INFOPLIST_KEY_UIApplicationSceneManifest_Generation = YES;
				INFOPLIST_KEY_UIApplicationSupportsIndirectInputEvents = YES;
				INFOPLIST_KEY_UILaunchScreen_Generation = YES;
				INFOPLIST_KEY_UISupportedInterfaceOrientations_iPad = "UIInterfaceOrientationPortrait UIInterfaceOrientationPortraitUpsideDown UIInterfaceOrientationLandscapeLeft UIInterfaceOrientationLandscapeRight";
				INFOPLIST_KEY_UISupportedInterfaceOrientations_iPhone = "UIInterfaceOrientationPortrait UIInterfaceOrientationLandscapeLeft UIInterfaceOrientationLandscapeRight";
				LD_RUNPATH_SEARCH_PATHS = (
					"$(inherited)",
					"@executable_path/Frameworks",
				);
				MARKETING_VERSION = 1.0;
				PRODUCT_BUNDLE_IDENTIFIER = dev.aofiee.TestFCM2;
				PRODUCT_NAME = "$(TARGET_NAME)";
				PROVISIONING_PROFILE_SPECIFIER = "";
				SWIFT_EMIT_LOC_STRINGS = YES;
				SWIFT_VERSION = 5.0;
				TARGETED_DEVICE_FAMILY = "1,2";
			};
			name = Debug;
		};
		0A6FC1B52AFD14B5004C12E1 /* Release */ = {
			isa = XCBuildConfiguration;
			buildSettings = {
				ASSETCATALOG_COMPILER_APPICON_NAME = AppIcon;
				ASSETCATALOG_COMPILER_GLOBAL_ACCENT_COLOR_NAME = AccentColor;
				CODE_SIGN_ENTITLEMENTS = dev.aofiee.TestFCM/dev.aofiee.TestFCM.entitlements;
				CODE_SIGN_IDENTITY = "Apple Development";
				CODE_SIGN_STYLE = Automatic;
				CURRENT_PROJECT_VERSION = 1;
				DEVELOPMENT_ASSET_PATHS = "\"dev.aofiee.TestFCM/Preview Content\"";
				DEVELOPMENT_TEAM = U8E99U94GY;
				ENABLE_PREVIEWS = YES;
				GENERATE_INFOPLIST_FILE = YES;
				INFOPLIST_FILE = "dev-aofiee-TestFCM-Info.plist";
				INFOPLIST_KEY_UIApplicationSceneManifest_Generation = YES;
				INFOPLIST_KEY_UIApplicationSupportsIndirectInputEvents = YES;
				INFOPLIST_KEY_UILaunchScreen_Generation = YES;
				INFOPLIST_KEY_UISupportedInterfaceOrientations_iPad = "UIInterfaceOrientationPortrait UIInterfaceOrientationPortraitUpsideDown UIInterfaceOrientationLandscapeLeft UIInterfaceOrientationLandscapeRight";
				INFOPLIST_KEY_UISupportedInterfaceOrientations_iPhone = "UIInterfaceOrientationPortrait UIInterfaceOrientationLandscapeLeft UIInterfaceOrientationLandscapeRight";
				LD_RUNPATH_SEARCH_PATHS = (
					"$(inherited)",
					"@executable_path/Frameworks",
				);
				MARKETING_VERSION = 1.0;
				PRODUCT_BUNDLE_IDENTIFIER = dev.aofiee.TestFCM2;
				PRODUCT_NAME = "$(TARGET_NAME)";
				PROVISIONING_PROFILE_SPECIFIER = "";
				SWIFT_EMIT_LOC_STRINGS = YES;
				SWIFT_VERSION = 5.0;
				TARGETED_DEVICE_FAMILY = "1,2";
			};
			name = Release;
		};
/* End XCBuildConfiguration section */

/* Begin XCConfigurationList section */
		0A6FC1A02AFD14B4004C12E1 /* Build configuration list for PBXProject "dev.aofiee.TestFCM" */ = {
			isa = XCConfigurationList;
			buildConfigurations = (
				0A6FC1B12AFD14B5004C12E1 /* Debug */,
				0A6FC1B22AFD14B5004C12E1 /* Release */,
			);
			defaultConfigurationIsVisible = 0;
			defaultConfigurationName = Release;
		};
		0A6FC1B32AFD14B5004C12E1 /* Build configuration list for PBXNativeTarget "dev.aofiee.TestFCM" */ = {
			isa = XCConfigurationList;
			buildConfigurations = (
				0A6FC1B42AFD14B5004C12E1 /* Debug */,
				0A6FC1B52AFD14B5004C12E1 /* Release */,
			);
			defaultConfigurationIsVisible = 0;
			defaultConfigurationName = Release;
		};
/* End XCConfigurationList section */

/* Begin XCRemoteSwiftPackageReference section */
		0A6FC1B82AFD15B0004C12E1 /* XCRemoteSwiftPackageReference "firebase-ios-sdk" */ = {
			isa = XCRemoteSwiftPackageReference;
			repositoryURL = "https://github.com/firebase/firebase-ios-sdk";
			requirement = {
				kind = upToNextMajorVersion;
				minimumVersion = 10.17.0;
			};
		};
/* End XCRemoteSwiftPackageReference section */

/* Begin XCSwiftPackageProductDependency section */
		0A6FC1B92AFD15B0004C12E1 /* FirebaseAnalytics */ = {
			isa = XCSwiftPackageProductDependency;
			package = 0A6FC1B82AFD15B0004C12E1 /* XCRemoteSwiftPackageReference "firebase-ios-sdk" */;
			productName = FirebaseAnalytics;
		};
		0A6FC1BB2AFD15B0004C12E1 /* FirebaseAnalyticsOnDeviceConversion */ = {
			isa = XCSwiftPackageProductDependency;
			package = 0A6FC1B82AFD15B0004C12E1 /* XCRemoteSwiftPackageReference "firebase-ios-sdk" */;
			productName = FirebaseAnalyticsOnDeviceConversion;
		};
		0A6FC1BD2AFD15B0004C12E1 /* FirebaseAnalyticsSwift */ = {
			isa = XCSwiftPackageProductDependency;
			package = 0A6FC1B82AFD15B0004C12E1 /* XCRemoteSwiftPackageReference "firebase-ios-sdk" */;
			productName = FirebaseAnalyticsSwift;
		};
		0A6FC1BF2AFD15B0004C12E1 /* FirebaseAnalyticsWithoutAdIdSupport */ = {
			isa = XCSwiftPackageProductDependency;
			package = 0A6FC1B82AFD15B0004C12E1 /* XCRemoteSwiftPackageReference "firebase-ios-sdk" */;
			productName = FirebaseAnalyticsWithoutAdIdSupport;
		};
		0A6FC1C12AFD15B0004C12E1 /* FirebaseAppCheck */ = {
			isa = XCSwiftPackageProductDependency;
			package = 0A6FC1B82AFD15B0004C12E1 /* XCRemoteSwiftPackageReference "firebase-ios-sdk" */;
			productName = FirebaseAppCheck;
		};
		0A99384E2AFDD17200952EFA /* FirebaseAnalytics */ = {
			isa = XCSwiftPackageProductDependency;
			package = 0A6FC1B82AFD15B0004C12E1 /* XCRemoteSwiftPackageReference "firebase-ios-sdk" */;
			productName = FirebaseAnalytics;
		};
		0A9938502AFDD17200952EFA /* FirebaseAnalyticsOnDeviceConversion */ = {
			isa = XCSwiftPackageProductDependency;
			package = 0A6FC1B82AFD15B0004C12E1 /* XCRemoteSwiftPackageReference "firebase-ios-sdk" */;
			productName = FirebaseAnalyticsOnDeviceConversion;
		};
		0A9938522AFDD17200952EFA /* FirebaseAnalyticsSwift */ = {
			isa = XCSwiftPackageProductDependency;
			package = 0A6FC1B82AFD15B0004C12E1 /* XCRemoteSwiftPackageReference "firebase-ios-sdk" */;
			productName = FirebaseAnalyticsSwift;
		};
		0A9938542AFDD17200952EFA /* FirebaseAnalyticsWithoutAdIdSupport */ = {
			isa = XCSwiftPackageProductDependency;
			package = 0A6FC1B82AFD15B0004C12E1 /* XCRemoteSwiftPackageReference "firebase-ios-sdk" */;
			productName = FirebaseAnalyticsWithoutAdIdSupport;
		};
		0A9938562AFDD17200952EFA /* FirebaseAppCheck */ = {
			isa = XCSwiftPackageProductDependency;
			package = 0A6FC1B82AFD15B0004C12E1 /* XCRemoteSwiftPackageReference "firebase-ios-sdk" */;
			productName = FirebaseAppCheck;
		};
		0A9938582AFDD17200952EFA /* FirebaseAppDistribution-Beta */ = {
			isa = XCSwiftPackageProductDependency;
			package = 0A6FC1B82AFD15B0004C12E1 /* XCRemoteSwiftPackageReference "firebase-ios-sdk" */;
			productName = "FirebaseAppDistribution-Beta";
		};
		0A99385A2AFDD17200952EFA /* FirebaseAuth */ = {
			isa = XCSwiftPackageProductDependency;
			package = 0A6FC1B82AFD15B0004C12E1 /* XCRemoteSwiftPackageReference "firebase-ios-sdk" */;
			productName = FirebaseAuth;
		};
		0A99385C2AFDD17200952EFA /* FirebaseAuthCombine-Community */ = {
			isa = XCSwiftPackageProductDependency;
			package = 0A6FC1B82AFD15B0004C12E1 /* XCRemoteSwiftPackageReference "firebase-ios-sdk" */;
			productName = "FirebaseAuthCombine-Community";
		};
		0A99385E2AFDD17200952EFA /* FirebaseCrashlytics */ = {
			isa = XCSwiftPackageProductDependency;
			package = 0A6FC1B82AFD15B0004C12E1 /* XCRemoteSwiftPackageReference "firebase-ios-sdk" */;
			productName = FirebaseCrashlytics;
		};
		0A9938602AFDD17200952EFA /* FirebaseDatabase */ = {
			isa = XCSwiftPackageProductDependency;
			package = 0A6FC1B82AFD15B0004C12E1 /* XCRemoteSwiftPackageReference "firebase-ios-sdk" */;
			productName = FirebaseDatabase;
		};
		0A9938622AFDD17200952EFA /* FirebaseDatabaseSwift */ = {
			isa = XCSwiftPackageProductDependency;
			package = 0A6FC1B82AFD15B0004C12E1 /* XCRemoteSwiftPackageReference "firebase-ios-sdk" */;
			productName = FirebaseDatabaseSwift;
		};
		0A9938642AFDD17200952EFA /* FirebaseDynamicLinks */ = {
			isa = XCSwiftPackageProductDependency;
			package = 0A6FC1B82AFD15B0004C12E1 /* XCRemoteSwiftPackageReference "firebase-ios-sdk" */;
			productName = FirebaseDynamicLinks;
		};
		0A9938662AFDD17200952EFA /* FirebaseFirestore */ = {
			isa = XCSwiftPackageProductDependency;
			package = 0A6FC1B82AFD15B0004C12E1 /* XCRemoteSwiftPackageReference "firebase-ios-sdk" */;
			productName = FirebaseFirestore;
		};
		0A9938682AFDD17200952EFA /* FirebaseFirestoreCombine-Community */ = {
			isa = XCSwiftPackageProductDependency;
			package = 0A6FC1B82AFD15B0004C12E1 /* XCRemoteSwiftPackageReference "firebase-ios-sdk" */;
			productName = "FirebaseFirestoreCombine-Community";
		};
		0A99386A2AFDD17200952EFA /* FirebaseFirestoreSwift */ = {
			isa = XCSwiftPackageProductDependency;
			package = 0A6FC1B82AFD15B0004C12E1 /* XCRemoteSwiftPackageReference "firebase-ios-sdk" */;
			productName = FirebaseFirestoreSwift;
		};
		0A99386C2AFDD17200952EFA /* FirebaseFunctions */ = {
			isa = XCSwiftPackageProductDependency;
			package = 0A6FC1B82AFD15B0004C12E1 /* XCRemoteSwiftPackageReference "firebase-ios-sdk" */;
			productName = FirebaseFunctions;
		};
		0A99386E2AFDD17200952EFA /* FirebaseFunctionsCombine-Community */ = {
			isa = XCSwiftPackageProductDependency;
			package = 0A6FC1B82AFD15B0004C12E1 /* XCRemoteSwiftPackageReference "firebase-ios-sdk" */;
			productName = "FirebaseFunctionsCombine-Community";
		};
		0A9938702AFDD17200952EFA /* FirebaseInAppMessaging-Beta */ = {
			isa = XCSwiftPackageProductDependency;
			package = 0A6FC1B82AFD15B0004C12E1 /* XCRemoteSwiftPackageReference "firebase-ios-sdk" */;
			productName = "FirebaseInAppMessaging-Beta";
		};
		0A9938722AFDD17200952EFA /* FirebaseInAppMessagingSwift-Beta */ = {
			isa = XCSwiftPackageProductDependency;
			package = 0A6FC1B82AFD15B0004C12E1 /* XCRemoteSwiftPackageReference "firebase-ios-sdk" */;
			productName = "FirebaseInAppMessagingSwift-Beta";
		};
		0A9938742AFDD17200952EFA /* FirebaseInstallations */ = {
			isa = XCSwiftPackageProductDependency;
			package = 0A6FC1B82AFD15B0004C12E1 /* XCRemoteSwiftPackageReference "firebase-ios-sdk" */;
			productName = FirebaseInstallations;
		};
		0A9938762AFDD17200952EFA /* FirebaseMLModelDownloader */ = {
			isa = XCSwiftPackageProductDependency;
			package = 0A6FC1B82AFD15B0004C12E1 /* XCRemoteSwiftPackageReference "firebase-ios-sdk" */;
			productName = FirebaseMLModelDownloader;
		};
		0A9938782AFDD17200952EFA /* FirebaseMessaging */ = {
			isa = XCSwiftPackageProductDependency;
			package = 0A6FC1B82AFD15B0004C12E1 /* XCRemoteSwiftPackageReference "firebase-ios-sdk" */;
			productName = FirebaseMessaging;
		};
		0A99387A2AFDD17200952EFA /* FirebasePerformance */ = {
			isa = XCSwiftPackageProductDependency;
			package = 0A6FC1B82AFD15B0004C12E1 /* XCRemoteSwiftPackageReference "firebase-ios-sdk" */;
			productName = FirebasePerformance;
		};
		0A99387C2AFDD17200952EFA /* FirebaseRemoteConfig */ = {
			isa = XCSwiftPackageProductDependency;
			package = 0A6FC1B82AFD15B0004C12E1 /* XCRemoteSwiftPackageReference "firebase-ios-sdk" */;
			productName = FirebaseRemoteConfig;
		};
		0A99387E2AFDD17200952EFA /* FirebaseRemoteConfigSwift */ = {
			isa = XCSwiftPackageProductDependency;
			package = 0A6FC1B82AFD15B0004C12E1 /* XCRemoteSwiftPackageReference "firebase-ios-sdk" */;
			productName = FirebaseRemoteConfigSwift;
		};
		0A9938802AFDD17200952EFA /* FirebaseStorage */ = {
			isa = XCSwiftPackageProductDependency;
			package = 0A6FC1B82AFD15B0004C12E1 /* XCRemoteSwiftPackageReference "firebase-ios-sdk" */;
			productName = FirebaseStorage;
		};
		0A9938822AFDD17200952EFA /* FirebaseStorageCombine-Community */ = {
			isa = XCSwiftPackageProductDependency;
			package = 0A6FC1B82AFD15B0004C12E1 /* XCRemoteSwiftPackageReference "firebase-ios-sdk" */;
			productName = "FirebaseStorageCombine-Community";
		};
/* End XCSwiftPackageProductDependency section */
	};
	rootObject = 0A6FC19D2AFD14B4004C12E1 /* Project object */;
}
